
Microsoft Visual Studio Solution File, Format Version 12.00
# Visual Studio 15
VisualStudioVersion = 15.0.28307.1082
MinimumVisualStudioVersion = 10.0.40219.1
Project("{FAE04EC0-301F-11D3-BF4B-00C04F79EFBC}") = "CustomerAppUI", "CustomerAppUI\CustomerAppUI.csproj", "{215531CC-037E-414E-BEB3-13F1FB84EEEC}"
EndProject
Project("{FAE04EC0-301F-11D3-BF4B-00C04F79EFBC}") = "CustomerAppBll", "CustomerAppBll\CustomerAppBll.csproj", "{0EA897AA-36E1-4034-A01E-66C1812D9114}"
EndProject
Project("{FAE04EC0-301F-11D3-BF4B-00C04F79EFBC}") = "CustomerAppDAO", "CustomerAppDAO\CustomerAppDAO.csproj", "{30BF8FBE-63F2-48D4-9380-CDB1EBB845E1}"
EndProject
Global
	GlobalSection(SolutionConfigurationPlatforms) = preSolution
		Debug|Any CPU = Debug|Any CPU
		Release|Any CPU = Release|Any CPU
	EndGlobalSection
	GlobalSection(ProjectConfigurationPlatforms) = postSolution
		{215531CC-037E-414E-BEB3-13F1FB84EEEC}.Debug|Any CPU.ActiveCfg = Debug|Any CPU
		{215531CC-037E-414E-BEB3-13F1FB84EEEC}.Debug|Any CPU.Build.0 = Debug|Any CPU
		{215531CC-037E-414E-BEB3-13F1FB84EEEC}.Release|Any CPU.ActiveCfg = Release|Any CPU
		{215531CC-037E-414E-BEB3-13F1FB84EEEC}.Release|Any CPU.Build.0 = Release|Any CPU
		{0EA897AA-36E1-4034-A01E-66C1812D9114}.Debug|Any CPU.ActiveCfg = Debug|Any CPU
		{0EA897AA-36E1-4034-A01E-66C1812D9114}.Debug|Any CPU.Build.0 = Debug|Any CPU
		{0EA897AA-36E1-4034-A01E-66C1812D9114}.Release|Any CPU.ActiveCfg = Release|Any CPU
		{0EA897AA-36E1-4034-A01E-66C1812D9114}.Release|Any CPU.Build.0 = Release|Any CPU
		{30BF8FBE-63F2-48D4-9380-CDB1EBB845E1}.Debug|Any CPU.ActiveCfg = Debug|Any CPU
		{30BF8FBE-63F2-48D4-9380-CDB1EBB845E1}.Debug|Any CPU.Build.0 = Debug|Any CPU
		{30BF8FBE-63F2-48D4-9380-CDB1EBB845E1}.Release|Any CPU.ActiveCfg = Release|Any CPU
		{30BF8FBE-63F2-48D4-9380-CDB1EBB845E1}.Release|Any CPU.Build.0 = Release|Any CPU
	EndGlobalSection
	GlobalSection(SolutionProperties) = preSolution
		HideSolutionNode = FALSE
	EndGlobalSection
	GlobalSection(ExtensibilityGlobals) = postSolution
		SolutionGuid = {8A556D6A-2645-44B6-AC93-2A9308FB271E}
	EndGlobalSection
EndGlobal
